// !$*UTF8*$!
{
	archiveVersion = 1;
	classes = {
	};
	objectVersion = 56;
	objects = {

/* Begin PBXBuildFile section */
		B3AA20622C0A4F8900BDC9EC /* ToDoRepository.swift in Sources */ = {isa = PBXBuildFile; fileRef = B3AA20612C0A4F8900BDC9EC /* ToDoRepository.swift */; };
		B3AA20642C0A4FAA00BDC9EC /* ToDoRepositoryImpl.swift in Sources */ = {isa = PBXBuildFile; fileRef = B3AA20632C0A4FAA00BDC9EC /* ToDoRepositoryImpl.swift */; };
		B3AA20662C0A4FBE00BDC9EC /* ToDoDataStore.swift in Sources */ = {isa = PBXBuildFile; fileRef = B3AA20652C0A4FBE00BDC9EC /* ToDoDataStore.swift */; };
		B3AA20682C0A4FE900BDC9EC /* SceneDelegate.swift in Sources */ = {isa = PBXBuildFile; fileRef = B3AA20672C0A4FE900BDC9EC /* SceneDelegate.swift */; };
		B3AA206A2C0A4FFD00BDC9EC /* AppDelegate.swift in Sources */ = {isa = PBXBuildFile; fileRef = B3AA20692C0A4FFD00BDC9EC /* AppDelegate.swift */; };
		B3AA206C2C0A502000BDC9EC /* TableViewController.swift in Sources */ = {isa = PBXBuildFile; fileRef = B3AA206B2C0A502000BDC9EC /* TableViewController.swift */; };
		B3AA206E2C0A507F00BDC9EC /* LaunchScreen.storyboard in Resources */ = {isa = PBXBuildFile; fileRef = B3AA206D2C0A507F00BDC9EC /* LaunchScreen.storyboard */; };
		B3AA20702C0A50B500BDC9EC /* Assets.xcassets in Resources */ = {isa = PBXBuildFile; fileRef = B3AA206F2C0A50B500BDC9EC /* Assets.xcassets */; };
		B3AA20772C0A594D00BDC9EC /* Main.storyboard in Resources */ = {isa = PBXBuildFile; fileRef = B3AA20792C0A594D00BDC9EC /* Main.storyboard */; };
/* End PBXBuildFile section */

/* Begin PBXFileReference section */
		B3AA20612C0A4F8900BDC9EC /* ToDoRepository.swift */ = {isa = PBXFileReference; lastKnownFileType = sourcecode.swift; path = ToDoRepository.swift; sourceTree = "<group>"; };
		B3AA20632C0A4FAA00BDC9EC /* ToDoRepositoryImpl.swift */ = {isa = PBXFileReference; lastKnownFileType = sourcecode.swift; path = ToDoRepositoryImpl.swift; sourceTree = "<group>"; };
		B3AA20652C0A4FBE00BDC9EC /* ToDoDataStore.swift */ = {isa = PBXFileReference; lastKnownFileType = sourcecode.swift; path = ToDoDataStore.swift; sourceTree = "<group>"; };
		B3AA20672C0A4FE900BDC9EC /* SceneDelegate.swift */ = {isa = PBXFileReference; lastKnownFileType = sourcecode.swift; path = SceneDelegate.swift; sourceTree = "<group>"; };
		B3AA20692C0A4FFD00BDC9EC /* AppDelegate.swift */ = {isa = PBXFileReference; lastKnownFileType = sourcecode.swift; path = AppDelegate.swift; sourceTree = "<group>"; };
		B3AA206B2C0A502000BDC9EC /* TableViewController.swift */ = {isa = PBXFileReference; lastKnownFileType = sourcecode.swift; path = TableViewController.swift; sourceTree = "<group>"; };
		B3AA206D2C0A507F00BDC9EC /* LaunchScreen.storyboard */ = {isa = PBXFileReference; lastKnownFileType = file.storyboard; path = LaunchScreen.storyboard; sourceTree = "<group>"; };
		B3AA206F2C0A50B500BDC9EC /* Assets.xcassets */ = {isa = PBXFileReference; lastKnownFileType = folder.assetcatalog; path = Assets.xcassets; sourceTree = "<group>"; };
		B3AA20752C0A513E00BDC9EC /* Info.plist */ = {isa = PBXFileReference; lastKnownFileType = text.plist.xml; path = Info.plist; sourceTree = "<group>"; };
		B3AA20782C0A594D00BDC9EC /* Base */ = {isa = PBXFileReference; lastKnownFileType = file.storyboard; name = Base; path = Base.lproj/Main.storyboard; sourceTree = "<group>"; };
		B3EE79282B9CA00200300254 /* GP6_Ivanova_Todolist.app */ = {isa = PBXFileReference; explicitFileType = wrapper.application; includeInIndex = 0; path = GP6_Ivanova_Todolist.app; sourceTree = BUILT_PRODUCTS_DIR; };
/* End PBXFileReference section */

/* Begin PBXFrameworksBuildPhase section */
		B3EE79252B9CA00200300254 /* Frameworks */ = {
			isa = PBXFrameworksBuildPhase;
			buildActionMask = 2147483647;
			files = (
			);
			runOnlyForDeploymentPostprocessing = 0;
		};
/* End PBXFrameworksBuildPhase section */

/* Begin PBXGroup section */
		B3AA205E2C0A4F2300BDC9EC /* presentation */ = {
			isa = PBXGroup;
			children = (
				B3AA20672C0A4FE900BDC9EC /* SceneDelegate.swift */,
				B3AA20692C0A4FFD00BDC9EC /* AppDelegate.swift */,
				B3AA206B2C0A502000BDC9EC /* TableViewController.swift */,
				B3AA206D2C0A507F00BDC9EC /* LaunchScreen.storyboard */,
				B3AA206F2C0A50B500BDC9EC /* Assets.xcassets */,
				B3AA20792C0A594D00BDC9EC /* Main.storyboard */,
			);
			path = presentation;
			sourceTree = "<group>";
		};
		B3AA205F2C0A4F7000BDC9EC /* domain */ = {
			isa = PBXGroup;
			children = (
				B3AA20612C0A4F8900BDC9EC /* ToDoRepository.swift */,
			);
			path = domain;
			sourceTree = "<group>";
		};
		B3AA20602C0A4F7800BDC9EC /* data */ = {
			isa = PBXGroup;
			children = (
				B3AA20632C0A4FAA00BDC9EC /* ToDoRepositoryImpl.swift */,
				B3AA20652C0A4FBE00BDC9EC /* ToDoDataStore.swift */,
			);
			path = data;
			sourceTree = "<group>";
		};
		B3EE791F2B9CA00200300254 = {
			isa = PBXGroup;
			children = (
				B3EE792A2B9CA00200300254 /* GP6_Ivanova_Todolist */,
				B3EE79292B9CA00200300254 /* Products */,
			);
			sourceTree = "<group>";
		};
		B3EE79292B9CA00200300254 /* Products */ = {
			isa = PBXGroup;
			children = (
				B3EE79282B9CA00200300254 /* GP6_Ivanova_Todolist.app */,
			);
			name = Products;
			sourceTree = "<group>";
		};
		B3EE792A2B9CA00200300254 /* GP6_Ivanova_Todolist */ = {
			isa = PBXGroup;
			children = (
				B3AA20602C0A4F7800BDC9EC /* data */,
				B3AA205F2C0A4F7000BDC9EC /* domain */,
				B3AA205E2C0A4F2300BDC9EC /* presentation */,
				B3AA20752C0A513E00BDC9EC /* Info.plist */,
			);
			path = GP6_Ivanova_Todolist;
			sourceTree = "<group>";
		};
/* End PBXGroup section */

/* Begin PBXNativeTarget section */
		B3EE79272B9CA00200300254 /* GP6_Ivanova_Todolist */ = {
			isa = PBXNativeTarget;
			buildConfigurationList = B3EE79362B9CA00500300254 /* Build configuration list for PBXNativeTarget "GP6_Ivanova_Todolist" */;
			buildPhases = (
				B3EE79242B9CA00200300254 /* Sources */,
				B3EE79252B9CA00200300254 /* Frameworks */,
				B3EE79262B9CA00200300254 /* Resources */,
			);
			buildRules = (
			);
			dependencies = (
			);
			name = GP6_Ivanova_Todolist;
			productName = GP6_Ivanova_Todolist;
			productReference = B3EE79282B9CA00200300254 /* GP6_Ivanova_Todolist.app */;
			productType = "com.apple.product-type.application";
		};
/* End PBXNativeTarget section */

/* Begin PBXProject section */
		B3EE79202B9CA00200300254 /* Project object */ = {
			isa = PBXProject;
			attributes = {
				BuildIndependentTargetsInParallel = 1;
				LastSwiftUpdateCheck = 1510;
				LastUpgradeCheck = 1510;
				TargetAttributes = {
					B3EE79272B9CA00200300254 = {
						CreatedOnToolsVersion = 15.1;
					};
				};
			};
			buildConfigurationList = B3EE79232B9CA00200300254 /* Build configuration list for PBXProject "GP6_Ivanova_Todolist" */;
			compatibilityVersion = "Xcode 14.0";
			developmentRegion = en;
			hasScannedForEncodings = 0;
			knownRegions = (
				en,
				Base,
			);
			mainGroup = B3EE791F2B9CA00200300254;
			productRefGroup = B3EE79292B9CA00200300254 /* Products */;
			projectDirPath = "";
			projectRoot = "";
			targets = (
				B3EE79272B9CA00200300254 /* GP6_Ivanova_Todolist */,
			);
		};
/* End PBXProject section */

/* Begin PBXResourcesBuildPhase section */
		B3EE79262B9CA00200300254 /* Resources */ = {
			isa = PBXResourcesBuildPhase;
			buildActionMask = 2147483647;
			files = (
				B3AA206E2C0A507F00BDC9EC /* LaunchScreen.storyboard in Resources */,
				B3AA20772C0A594D00BDC9EC /* Main.storyboard in Resources */,
				B3AA20702C0A50B500BDC9EC /* Assets.xcassets in Resources */,
			);
			runOnlyForDeploymentPostprocessing = 0;
		};
/* End PBXResourcesBuildPhase section */

/* Begin PBXSourcesBuildPhase section */
		B3EE79242B9CA00200300254 /* Sources */ = {
			isa = PBXSourcesBuildPhase;
			buildActionMask = 2147483647;
			files = (
				B3AA206A2C0A4FFD00BDC9EC /* AppDelegate.swift in Sources */,
				B3AA20622C0A4F8900BDC9EC /* ToDoRepository.swift in Sources */,
				B3AA20662C0A4FBE00BDC9EC /* ToDoDataStore.swift in Sources */,
				B3AA20682C0A4FE900BDC9EC /* SceneDelegate.swift in Sources */,
				B3AA206C2C0A502000BDC9EC /* TableViewController.swift in Sources */,
				B3AA20642C0A4FAA00BDC9EC /* ToDoRepositoryImpl.swift in Sources */,
			);
			runOnlyForDeploymentPostprocessing = 0;
		};
/* End PBXSourcesBuildPhase section */

/* Begin PBXVariantGroup section */
		B3AA20792C0A594D00BDC9EC /* Main.storyboard */ = {
			isa = PBXVariantGroup;
			children = (
				B3AA20782C0A594D00BDC9EC /* Base */,
			);
			name = Main.storyboard;
			sourceTree = "<group>";
		};
/* End PBXVariantGroup section */

/* Begin XCBuildConfiguration section */
		B3EE79342B9CA00500300254 /* Debug */ = {
			isa = XCBuildConfiguration;
			buildSettings = {
				ALWAYS_SEARCH_USER_PATHS = NO;
				ASSETCATALOG_COMPILER_GENERATE_SWIFT_ASSET_SYMBOL_EXTENSIONS = YES;
				CLANG_ANALYZER_NONNULL = YES;
				CLANG_ANALYZER_NUMBER_OBJECT_CONVERSION = YES_AGGRESSIVE;
				CLANG_CXX_LANGUAGE_STANDARD = "gnu++20";
				CLANG_ENABLE_MODULES = YES;
				CLANG_ENABLE_OBJC_ARC = YES;
				CLANG_ENABLE_OBJC_WEAK = YES;
				CLANG_WARN_BLOCK_CAPTURE_AUTORELEASING = YES;
				CLANG_WARN_BOOL_CONVERSION = YES;
				CLANG_WARN_COMMA = YES;
				CLANG_WARN_CONSTANT_CONVERSION = YES;
				CLANG_WARN_DEPRECATED_OBJC_IMPLEMENTATIONS = YES;
				CLANG_WARN_DIRECT_OBJC_ISA_USAGE = YES_ERROR;
				CLANG_WARN_DOCUMENTATION_COMMENTS = YES;
				CLANG_WARN_EMPTY_BODY = YES;
				CLANG_WARN_ENUM_CONVERSION = YES;
				CLANG_WARN_INFINITE_RECURSION = YES;
				CLANG_WARN_INT_CONVERSION = YES;
				CLANG_WARN_NON_LITERAL_NULL_CONVERSION = YES;
				CLANG_WARN_OBJC_IMPLICIT_RETAIN_SELF = YES;
				CLANG_WARN_OBJC_LITERAL_CONVERSION = YES;
				CLANG_WARN_OBJC_ROOT_CLASS = YES_ERROR;
				CLANG_WARN_QUOTED_INCLUDE_IN_FRAMEWORK_HEADER = YES;
				CLANG_WARN_RANGE_LOOP_ANALYSIS = YES;
				CLANG_WARN_STRICT_PROTOTYPES = YES;
				CLANG_WARN_SUSPICIOUS_MOVE = YES;
				CLANG_WARN_UNGUARDED_AVAILABILITY = YES_AGGRESSIVE;
				CLANG_WARN_UNREACHABLE_CODE = YES;
				CLANG_WARN__DUPLICATE_METHOD_MATCH = YES;
				COPY_PHASE_STRIP = NO;
				DEBUG_INFORMATION_FORMAT = dwarf;
				ENABLE_STRICT_OBJC_MSGSEND = YES;
				ENABLE_TESTABILITY = YES;
				ENABLE_USER_SCRIPT_SANDBOXING = YES;
				GCC_C_LANGUAGE_STANDARD = gnu17;
				GCC_DYNAMIC_NO_PIC = NO;
				GCC_NO_COMMON_BLOCKS = YES;
				GCC_OPTIMIZATION_LEVEL = 0;
				GCC_PREPROCESSOR_DEFINITIONS = (
					"DEBUG=1",
					"$(inherited)",
				);
				GCC_WARN_64_TO_32_BIT_CONVERSION = YES;
				GCC_WARN_ABOUT_RETURN_TYPE = YES_ERROR;
				GCC_WARN_UNDECLARED_SELECTOR = YES;
				GCC_WARN_UNINITIALIZED_AUTOS = YES_AGGRESSIVE;
				GCC_WARN_UNUSED_FUNCTION = YES;
				GCC_WARN_UNUSED_VARIABLE = YES;
				IPHONEOS_DEPLOYMENT_TARGET = 17.2;
				LOCALIZATION_PREFERS_STRING_CATALOGS = YES;
				MTL_ENABLE_DEBUG_INFO = INCLUDE_SOURCE;
				MTL_FAST_MATH = YES;
				ONLY_ACTIVE_ARCH = YES;
				SDKROOT = iphoneos;
				SWIFT_ACTIVE_COMPILATION_CONDITIONS = "DEBUG $(inherited)";
				SWIFT_OPTIMIZATION_LEVEL = "-Onone";
			};
			name = Debug;
		};
		B3EE79352B9CA00500300254 /* Release */ = {
			isa = XCBuildConfiguration;
			buildSettings = {
				ALWAYS_SEARCH_USER_PATHS = NO;
				ASSETCATALOG_COMPILER_GENERATE_SWIFT_ASSET_SYMBOL_EXTENSIONS = YES;
				CLANG_ANALYZER_NONNULL = YES;
				CLANG_ANALYZER_NUMBER_OBJECT_CONVERSION = YES_AGGRESSIVE;
				CLANG_CXX_LANGUAGE_STANDARD = "gnu++20";
				CLANG_ENABLE_MODULES = YES;
				CLANG_ENABLE_OBJC_ARC = YES;
				CLANG_ENABLE_OBJC_WEAK = YES;
				CLANG_WARN_BLOCK_CAPTURE_AUTORELEASING = YES;
				CLANG_WARN_BOOL_CONVERSION = YES;
				CLANG_WARN_COMMA = YES;
				CLANG_WARN_CONSTANT_CONVERSION = YES;
				CLANG_WARN_DEPRECATED_OBJC_IMPLEMENTATIONS = YES;
				CLANG_WARN_DIRECT_OBJC_ISA_USAGE = YES_ERROR;
				CLANG_WARN_DOCUMENTATION_COMMENTS = YES;
				CLANG_WARN_EMPTY_BODY = YES;
				CLANG_WARN_ENUM_CONVERSION = YES;
				CLANG_WARN_INFINITE_RECURSION = YES;
				CLANG_WARN_INT_CONVERSION = YES;
				CLANG_WARN_NON_LITERAL_NULL_CONVERSION = YES;
				CLANG_WARN_OBJC_IMPLICIT_RETAIN_SELF = YES;
				CLANG_WARN_OBJC_LITERAL_CONVERSION = YES;
				CLANG_WARN_OBJC_ROOT_CLASS = YES_ERROR;
				CLANG_WARN_QUOTED_INCLUDE_IN_FRAMEWORK_HEADER = YES;
				CLANG_WARN_RANGE_LOOP_ANALYSIS = YES;
				CLANG_WARN_STRICT_PROTOTYPES = YES;
				CLANG_WARN_SUSPICIOUS_MOVE = YES;
				CLANG_WARN_UNGUARDED_AVAILABILITY = YES_AGGRESSIVE;
				CLANG_WARN_UNREACHABLE_CODE = YES;
				CLANG_WARN__DUPLICATE_METHOD_MATCH = YES;
				COPY_PHASE_STRIP = NO;
				DEBUG_INFORMATION_FORMAT = "dwarf-with-dsym";
				ENABLE_NS_ASSERTIONS = NO;
				ENABLE_STRICT_OBJC_MSGSEND = YES;
				ENABLE_USER_SCRIPT_SANDBOXING = YES;
				GCC_C_LANGUAGE_STANDARD = gnu17;
				GCC_NO_COMMON_BLOCKS = YES;
				GCC_WARN_64_TO_32_BIT_CONVERSION = YES;
				GCC_WARN_ABOUT_RETURN_TYPE = YES_ERROR;
				GCC_WARN_UNDECLARED_SELECTOR = YES;
				GCC_WARN_UNINITIALIZED_AUTOS = YES_AGGRESSIVE;
				GCC_WARN_UNUSED_FUNCTION = YES;
				GCC_WARN_UNUSED_VARIABLE = YES;
				IPHONEOS_DEPLOYMENT_TARGET = 17.2;
				LOCALIZATION_PREFERS_STRING_CATALOGS = YES;
				MTL_ENABLE_DEBUG_INFO = NO;
				MTL_FAST_MATH = YES;
				SDKROOT = iphoneos;
				SWIFT_COMPILATION_MODE = wholemodule;
				VALIDATE_PRODUCT = YES;
			};
			name = Release;
		};
		B3EE79372B9CA00500300254 /* Debug */ = {
			isa = XCBuildConfiguration;
			buildSettings = {
				ASSETCATALOG_COMPILER_APPICON_NAME = AppIcon;
				ASSETCATALOG_COMPILER_GLOBAL_ACCENT_COLOR_NAME = AccentColor;
				CODE_SIGN_STYLE = Automatic;
				CURRENT_PROJECT_VERSION = 1;
				DEVELOPMENT_TEAM = ZU835Y7KDA;
				ENABLE_PREVIEWS = YES;
				GENERATE_INFOPLIST_FILE = YES;
				INFOPLIST_FILE = GP6_Ivanova_Todolist/Info.plist;
				INFOPLIST_KEY_UIApplicationSupportsIndirectInputEvents = YES;
				INFOPLIST_KEY_UILaunchStoryboardName = LaunchScreen.storyboard;
				INFOPLIST_KEY_UIMainStoryboardFile = Main;
				INFOPLIST_KEY_UISupportedInterfaceOrientations_iPad = "UIInterfaceOrientationPortrait UIInterfaceOrientationPortraitUpsideDown UIInterfaceOrientationLandscapeLeft UIInterfaceOrientationLandscapeRight";
				INFOPLIST_KEY_UISupportedInterfaceOrientations_iPhone = "UIInterfaceOrientationPortrait UIInterfaceOrientationLandscapeLeft UIInterfaceOrientationLandscapeRight";
				LD_RUNPATH_SEARCH_PATHS = (
					"$(inherited)",
					"@executable_path/Frameworks",
				);
				MARKETING_VERSION = 1.0;
				PRODUCT_BUNDLE_IDENTIFIER = "yul.GP6-Ivanova-Todolist";
				PRODUCT_NAME = "$(TARGET_NAME)";
				SWIFT_EMIT_LOC_STRINGS = YES;
				SWIFT_VERSION = 5.0;
				TARGETED_DEVICE_FAMILY = "1,2";
			};
			name = Debug;
		};
		B3EE79382B9CA00500300254 /* Release */ = {
			isa = XCBuildConfiguration;
			buildSettings = {
				ASSETCATALOG_COMPILER_APPICON_NAME = AppIcon;
				ASSETCATALOG_COMPILER_GLOBAL_ACCENT_COLOR_NAME = AccentColor;
				CODE_SIGN_STYLE = Automatic;
				CURRENT_PROJECT_VERSION = 1;
				DEVELOPMENT_TEAM = ZU835Y7KDA;
				ENABLE_PREVIEWS = YES;
				GENERATE_INFOPLIST_FILE = YES;
				INFOPLIST_FILE = GP6_Ivanova_Todolist/Info.plist;
				INFOPLIST_KEY_UIApplicationSupportsIndirectInputEvents = YES;
				INFOPLIST_KEY_UILaunchStoryboardName = LaunchScreen.storyboard;
				INFOPLIST_KEY_UIMainStoryboardFile = Main;
				INFOPLIST_KEY_UISupportedInterfaceOrientations_iPad = "UIInterfaceOrientationPortrait UIInterfaceOrientationPortraitUpsideDown UIInterfaceOrientationLandscapeLeft UIInterfaceOrientationLandscapeRight";
				INFOPLIST_KEY_UISupportedInterfaceOrientations_iPhone = "UIInterfaceOrientationPortrait UIInterfaceOrientationLandscapeLeft UIInterfaceOrientationLandscapeRight";
				LD_RUNPATH_SEARCH_PATHS = (
					"$(inherited)",
					"@executable_path/Frameworks",
				);
				MARKETING_VERSION = 1.0;
				PRODUCT_BUNDLE_IDENTIFIER = "yul.GP6-Ivanova-Todolist";
				PRODUCT_NAME = "$(TARGET_NAME)";
				SWIFT_EMIT_LOC_STRINGS = YES;
				SWIFT_VERSION = 5.0;
				TARGETED_DEVICE_FAMILY = "1,2";
			};
			name = Release;
		};
/* End XCBuildConfiguration section */

/* Begin XCConfigurationList section */
		B3EE79232B9CA00200300254 /* Build configuration list for PBXProject "GP6_Ivanova_Todolist" */ = {
			isa = XCConfigurationList;
			buildConfigurations = (
				B3EE79342B9CA00500300254 /* Debug */,
				B3EE79352B9CA00500300254 /* Release */,
			);
			defaultConfigurationIsVisible = 0;
			defaultConfigurationName = Release;
		};
		B3EE79362B9CA00500300254 /* Build configuration list for PBXNativeTarget "GP6_Ivanova_Todolist" */ = {
			isa = XCConfigurationList;
			buildConfigurations = (
				B3EE79372B9CA00500300254 /* Debug */,
				B3EE79382B9CA00500300254 /* Release */,
			);
			defaultConfigurationIsVisible = 0;
			defaultConfigurationName = Release;
		};
/* End XCConfigurationList section */
	};
	rootObject = B3EE79202B9CA00200300254 /* Project object */;
}
